
Microsoft Visual Studio Solution File, Format Version 12.00
# Visual Studio 15
VisualStudioVersion = 15.0.27703.2042
MinimumVisualStudioVersion = 10.0.40219.1
Project("{E24C65DC-7377-472B-9ABA-BC803B73C61A}") = "CodeRushed-1", ".", "{27584E89-4282-41C0-BCAD-99A5D3FD2BA4}"
	ProjectSection(WebsiteProperties) = preProject
		TargetFrameworkMoniker = ".NETFramework,Version%3Dv4.0"
		Debug.AspNetCompiler.VirtualPath = "/localhost_51689"
		Debug.AspNetCompiler.PhysicalPath = "..\CodeRushed-1\"
		Debug.AspNetCompiler.TargetPath = "PrecompiledWeb\localhost_51689\"
		Debug.AspNetCompiler.Updateable = "true"
		Debug.AspNetCompiler.ForceOverwrite = "true"
		Debug.AspNetCompiler.FixedNames = "false"
		Debug.AspNetCompiler.Debug = "True"
		Release.AspNetCompiler.VirtualPath = "/localhost_51689"
		Release.AspNetCompiler.PhysicalPath = "..\CodeRushed-1\"
		Release.AspNetCompiler.TargetPath = "PrecompiledWeb\localhost_51689\"
		Release.AspNetCompiler.Updateable = "true"
		Release.AspNetCompiler.ForceOverwrite = "true"
		Release.AspNetCompiler.FixedNames = "false"
		Release.AspNetCompiler.Debug = "False"
		VWDPort = "51689"
		SlnRelativePath = "..\CodeRushed-1\"
	EndProjectSection
EndProject
Global
	GlobalSection(SolutionConfigurationPlatforms) = preSolution
		Debug|Any CPU = Debug|Any CPU
	EndGlobalSection
	GlobalSection(ProjectConfigurationPlatforms) = postSolution
		{27584E89-4282-41C0-BCAD-99A5D3FD2BA4}.Debug|Any CPU.ActiveCfg = Debug|Any CPU
		{27584E89-4282-41C0-BCAD-99A5D3FD2BA4}.Debug|Any CPU.Build.0 = Debug|Any CPU
	EndGlobalSection
	GlobalSection(SolutionProperties) = preSolution
		HideSolutionNode = FALSE
	EndGlobalSection
	GlobalSection(ExtensibilityGlobals) = postSolution
		SolutionGuid = {020008D5-6037-47CA-A334-6AE8BDA75242}
	EndGlobalSection
EndGlobal
